
Microsoft Visual Studio Solution File, Format Version 12.00
# Visual Studio Version 16
VisualStudioVersion = 25.0.1706.7
MinimumVisualStudioVersion = 10.0.40219.1
Project("{FAE04EC0-301F-11D3-BF4B-00C04F79EFBC}") = "applicationObjet", "applicationObjet\applicationObjet.csproj", "{48359E4A-6E88-4386-BF32-F2B95FA17184}"
EndProject
Global
	GlobalSection(SolutionConfigurationPlatforms) = preSolution
		Debug|Any CPU = Debug|Any CPU
		Release|Any CPU = Release|Any CPU
	EndGlobalSection
	GlobalSection(ProjectConfigurationPlatforms) = postSolution
		{48359E4A-6E88-4386-BF32-F2B95FA17184}.Debug|Any CPU.ActiveCfg = Debug|Any CPU
		{48359E4A-6E88-4386-BF32-F2B95FA17184}.Debug|Any CPU.Build.0 = Debug|Any CPU
		{48359E4A-6E88-4386-BF32-F2B95FA17184}.Release|Any CPU.ActiveCfg = Release|Any CPU
		{48359E4A-6E88-4386-BF32-F2B95FA17184}.Release|Any CPU.Build.0 = Release|Any CPU
	EndGlobalSection
	GlobalSection(SolutionProperties) = preSolution
		HideSolutionNode = FALSE
	EndGlobalSection
	GlobalSection(ExtensibilityGlobals) = postSolution
		SolutionGuid = {2537061A-20F9-48FE-9314-A360FE283563}
	EndGlobalSection
EndGlobal
